
Microsoft Visual Studio Solution File, Format Version 12.00
# Visual Studio 14
VisualStudioVersion = 14.0.25420.1
MinimumVisualStudioVersion = 10.0.40219.1
Project("{D954291E-2A0B-460D-934E-DC6B0785DB48}") = "BasicControls", "BasicControls\BasicControls\BasicControls.shproj", "{E6DAB886-E388-46A1-A312-87000E1B6870}"
EndProject
Project("{FAE04EC0-301F-11D3-BF4B-00C04F79EFBC}") = "BasicControls.Android", "BasicControls\BasicControls.Android\BasicControls.Android.csproj", "{82CBDC36-9E86-4EE2-A8BF-4BCD63797C26}"
EndProject
Project("{FAE04EC0-301F-11D3-BF4B-00C04F79EFBC}") = "BasicControls.iOS", "BasicControls\BasicControls.iOS\BasicControls.iOS.csproj", "{BA5EED7B-9030-4152-8E33-B28BE2AAE695}"
EndProject
Project("{FAE04EC0-301F-11D3-BF4B-00C04F79EFBC}") = "BasicControls.UWP", "BasicControls\BasicControls.UWP\BasicControls.UWP.csproj", "{331D57B5-5932-41B3-BDD9-48F05E4A4CC9}"
EndProject
Global
	GlobalSection(SharedMSBuildProjectFiles) = preSolution
		BasicControls\BasicControls\BasicControls.projitems*{82cbdc36-9e86-4ee2-a8bf-4bcd63797c26}*SharedItemsImports = 4
		BasicControls\BasicControls\BasicControls.projitems*{ba5eed7b-9030-4152-8e33-b28be2aae695}*SharedItemsImports = 4
		BasicControls\BasicControls\BasicControls.projitems*{e6dab886-e388-46a1-a312-87000e1b6870}*SharedItemsImports = 13
	EndGlobalSection
	GlobalSection(SolutionConfigurationPlatforms) = preSolution
		Ad-Hoc|Any CPU = Ad-Hoc|Any CPU
		Ad-Hoc|ARM = Ad-Hoc|ARM
		Ad-Hoc|iPhone = Ad-Hoc|iPhone
		Ad-Hoc|iPhoneSimulator = Ad-Hoc|iPhoneSimulator
		Ad-Hoc|x64 = Ad-Hoc|x64
		Ad-Hoc|x86 = Ad-Hoc|x86
		AppStore|Any CPU = AppStore|Any CPU
		AppStore|ARM = AppStore|ARM
		AppStore|iPhone = AppStore|iPhone
		AppStore|iPhoneSimulator = AppStore|iPhoneSimulator
		AppStore|x64 = AppStore|x64
		AppStore|x86 = AppStore|x86
		Debug|Any CPU = Debug|Any CPU
		Debug|ARM = Debug|ARM
		Debug|iPhone = Debug|iPhone
		Debug|iPhoneSimulator = Debug|iPhoneSimulator
		Debug|x64 = Debug|x64
		Debug|x86 = Debug|x86
		Release|Any CPU = Release|Any CPU
		Release|ARM = Release|ARM
		Release|iPhone = Release|iPhone
		Release|iPhoneSimulator = Release|iPhoneSimulator
		Release|x64 = Release|x64
		Release|x86 = Release|x86
	EndGlobalSection
	GlobalSection(ProjectConfigurationPlatforms) = postSolution
		{82CBDC36-9E86-4EE2-A8BF-4BCD63797C26}.Ad-Hoc|Any CPU.ActiveCfg = Release|Any CPU
		{82CBDC36-9E86-4EE2-A8BF-4BCD63797C26}.Ad-Hoc|Any CPU.Build.0 = Release|Any CPU
		{82CBDC36-9E86-4EE2-A8BF-4BCD63797C26}.Ad-Hoc|Any CPU.Deploy.0 = Release|Any CPU
		{82CBDC36-9E86-4EE2-A8BF-4BCD63797C26}.Ad-Hoc|ARM.ActiveCfg = Release|Any CPU
		{82CBDC36-9E86-4EE2-A8BF-4BCD63797C26}.Ad-Hoc|ARM.Build.0 = Release|Any CPU
		{82CBDC36-9E86-4EE2-A8BF-4BCD63797C26}.Ad-Hoc|ARM.Deploy.0 = Release|Any CPU
		{82CBDC36-9E86-4EE2-A8BF-4BCD63797C26}.Ad-Hoc|iPhone.ActiveCfg = Release|Any CPU
		{82CBDC36-9E86-4EE2-A8BF-4BCD63797C26}.Ad-Hoc|iPhone.Build.0 = Release|Any CPU
		{82CBDC36-9E86-4EE2-A8BF-4BCD63797C26}.Ad-Hoc|iPhone.Deploy.0 = Release|Any CPU
		{82CBDC36-9E86-4EE2-A8BF-4BCD63797C26}.Ad-Hoc|iPhoneSimulator.ActiveCfg = Release|Any CPU
		{82CBDC36-9E86-4EE2-A8BF-4BCD63797C26}.Ad-Hoc|iPhoneSimulator.Build.0 = Release|Any CPU
		{82CBDC36-9E86-4EE2-A8BF-4BCD63797C26}.Ad-Hoc|iPhoneSimulator.Deploy.0 = Release|Any CPU
		{82CBDC36-9E86-4EE2-A8BF-4BCD63797C26}.Ad-Hoc|x64.ActiveCfg = Release|Any CPU
		{82CBDC36-9E86-4EE2-A8BF-4BCD63797C26}.Ad-Hoc|x64.Build.0 = Release|Any CPU
		{82CBDC36-9E86-4EE2-A8BF-4BCD63797C26}.Ad-Hoc|x64.Deploy.0 = Release|Any CPU
		{82CBDC36-9E86-4EE2-A8BF-4BCD63797C26}.Ad-Hoc|x86.ActiveCfg = Release|Any CPU
		{82CBDC36-9E86-4EE2-A8BF-4BCD63797C26}.Ad-Hoc|x86.Build.0 = Release|Any CPU
		{82CBDC36-9E86-4EE2-A8BF-4BCD63797C26}.Ad-Hoc|x86.Deploy.0 = Release|Any CPU
		{82CBDC36-9E86-4EE2-A8BF-4BCD63797C26}.AppStore|Any CPU.ActiveCfg = Release|Any CPU
		{82CBDC36-9E86-4EE2-A8BF-4BCD63797C26}.AppStore|Any CPU.Build.0 = Release|Any CPU
		{82CBDC36-9E86-4EE2-A8BF-4BCD63797C26}.AppStore|Any CPU.Deploy.0 = Release|Any CPU
		{82CBDC36-9E86-4EE2-A8BF-4BCD63797C26}.AppStore|ARM.ActiveCfg = Release|Any CPU
		{82CBDC36-9E86-4EE2-A8BF-4BCD63797C26}.AppStore|ARM.Build.0 = Release|Any CPU
		{82CBDC36-9E86-4EE2-A8BF-4BCD63797C26}.AppStore|ARM.Deploy.0 = Release|Any CPU
		{82CBDC36-9E86-4EE2-A8BF-4BCD63797C26}.AppStore|iPhone.ActiveCfg = Release|Any CPU
		{82CBDC36-9E86-4EE2-A8BF-4BCD63797C26}.AppStore|iPhone.Build.0 = Release|Any CPU
		{82CBDC36-9E86-4EE2-A8BF-4BCD63797C26}.AppStore|iPhone.Deploy.0 = Release|Any CPU
		{82CBDC36-9E86-4EE2-A8BF-4BCD63797C26}.AppStore|iPhoneSimulator.ActiveCfg = Release|Any CPU
		{82CBDC36-9E86-4EE2-A8BF-4BCD63797C26}.AppStore|iPhoneSimulator.Build.0 = Release|Any CPU
		{82CBDC36-9E86-4EE2-A8BF-4BCD63797C26}.AppStore|iPhoneSimulator.Deploy.0 = Release|Any CPU
		{82CBDC36-9E86-4EE2-A8BF-4BCD63797C26}.AppStore|x64.ActiveCfg = Release|Any CPU
		{82CBDC36-9E86-4EE2-A8BF-4BCD63797C26}.AppStore|x64.Build.0 = Release|Any CPU
		{82CBDC36-9E86-4EE2-A8BF-4BCD63797C26}.AppStore|x64.Deploy.0 = Release|Any CPU
		{82CBDC36-9E86-4EE2-A8BF-4BCD63797C26}.AppStore|x86.ActiveCfg = Release|Any CPU
		{82CBDC36-9E86-4EE2-A8BF-4BCD63797C26}.AppStore|x86.Build.0 = Release|Any CPU
		{82CBDC36-9E86-4EE2-A8BF-4BCD63797C26}.AppStore|x86.Deploy.0 = Release|Any CPU
		{82CBDC36-9E86-4EE2-A8BF-4BCD63797C26}.Debug|Any CPU.ActiveCfg = Debug|Any CPU
		{82CBDC36-9E86-4EE2-A8BF-4BCD63797C26}.Debug|Any CPU.Build.0 = Debug|Any CPU
		{82CBDC36-9E86-4EE2-A8BF-4BCD63797C26}.Debug|Any CPU.Deploy.0 = Debug|Any CPU
		{82CBDC36-9E86-4EE2-A8BF-4BCD63797C26}.Debug|ARM.ActiveCfg = Debug|Any CPU
		{82CBDC36-9E86-4EE2-A8BF-4BCD63797C26}.Debug|ARM.Build.0 = Debug|Any CPU
		{82CBDC36-9E86-4EE2-A8BF-4BCD63797C26}.Debug|ARM.Deploy.0 = Debug|Any CPU
		{82CBDC36-9E86-4EE2-A8BF-4BCD63797C26}.Debug|iPhone.ActiveCfg = Debug|Any CPU
		{82CBDC36-9E86-4EE2-A8BF-4BCD63797C26}.Debug|iPhone.Build.0 = Debug|Any CPU
		{82CBDC36-9E86-4EE2-A8BF-4BCD63797C26}.Debug|iPhone.Deploy.0 = Debug|Any CPU
		{82CBDC36-9E86-4EE2-A8BF-4BCD63797C26}.Debug|iPhoneSimulator.ActiveCfg = Debug|Any CPU
		{82CBDC36-9E86-4EE2-A8BF-4BCD63797C26}.Debug|iPhoneSimulator.Build.0 = Debug|Any CPU
		{82CBDC36-9E86-4EE2-A8BF-4BCD63797C26}.Debug|iPhoneSimulator.Deploy.0 = Debug|Any CPU
		{82CBDC36-9E86-4EE2-A8BF-4BCD63797C26}.Debug|x64.ActiveCfg = Debug|Any CPU
		{82CBDC36-9E86-4EE2-A8BF-4BCD63797C26}.Debug|x64.Build.0 = Debug|Any CPU
		{82CBDC36-9E86-4EE2-A8BF-4BCD63797C26}.Debug|x64.Deploy.0 = Debug|Any CPU
		{82CBDC36-9E86-4EE2-A8BF-4BCD63797C26}.Debug|x86.ActiveCfg = Debug|Any CPU
		{82CBDC36-9E86-4EE2-A8BF-4BCD63797C26}.Debug|x86.Build.0 = Debug|Any CPU
		{82CBDC36-9E86-4EE2-A8BF-4BCD63797C26}.Debug|x86.Deploy.0 = Debug|Any CPU
		{82CBDC36-9E86-4EE2-A8BF-4BCD63797C26}.Release|Any CPU.ActiveCfg = Release|Any CPU
		{82CBDC36-9E86-4EE2-A8BF-4BCD63797C26}.Release|Any CPU.Build.0 = Release|Any CPU
		{82CBDC36-9E86-4EE2-A8BF-4BCD63797C26}.Release|Any CPU.Deploy.0 = Release|Any CPU
		{82CBDC36-9E86-4EE2-A8BF-4BCD63797C26}.Release|ARM.ActiveCfg = Release|Any CPU
		{82CBDC36-9E86-4EE2-A8BF-4BCD63797C26}.Release|ARM.Build.0 = Release|Any CPU
		{82CBDC36-9E86-4EE2-A8BF-4BCD63797C26}.Release|ARM.Deploy.0 = Release|Any CPU
		{82CBDC36-9E86-4EE2-A8BF-4BCD63797C26}.Release|iPhone.ActiveCfg = Release|Any CPU
		{82CBDC36-9E86-4EE2-A8BF-4BCD63797C26}.Release|iPhone.Build.0 = Release|Any CPU
		{82CBDC36-9E86-4EE2-A8BF-4BCD63797C26}.Release|iPhone.Deploy.0 = Release|Any CPU
		{82CBDC36-9E86-4EE2-A8BF-4BCD63797C26}.Release|iPhoneSimulator.ActiveCfg = Release|Any CPU
		{82CBDC36-9E86-4EE2-A8BF-4BCD63797C26}.Release|iPhoneSimulator.Build.0 = Release|Any CPU
		{82CBDC36-9E86-4EE2-A8BF-4BCD63797C26}.Release|iPhoneSimulator.Deploy.0 = Release|Any CPU
		{82CBDC36-9E86-4EE2-A8BF-4BCD63797C26}.Release|x64.ActiveCfg = Release|Any CPU
		{82CBDC36-9E86-4EE2-A8BF-4BCD63797C26}.Release|x64.Build.0 = Release|Any CPU
		{82CBDC36-9E86-4EE2-A8BF-4BCD63797C26}.Release|x64.Deploy.0 = Release|Any CPU
		{82CBDC36-9E86-4EE2-A8BF-4BCD63797C26}.Release|x86.ActiveCfg = Release|Any CPU
		{82CBDC36-9E86-4EE2-A8BF-4BCD63797C26}.Release|x86.Build.0 = Release|Any CPU
		{82CBDC36-9E86-4EE2-A8BF-4BCD63797C26}.Release|x86.Deploy.0 = Release|Any CPU
		{BA5EED7B-9030-4152-8E33-B28BE2AAE695}.Ad-Hoc|Any CPU.ActiveCfg = Ad-Hoc|iPhone
		{BA5EED7B-9030-4152-8E33-B28BE2AAE695}.Ad-Hoc|ARM.ActiveCfg = Ad-Hoc|iPhone
		{BA5EED7B-9030-4152-8E33-B28BE2AAE695}.Ad-Hoc|iPhone.ActiveCfg = Ad-Hoc|iPhone
		{BA5EED7B-9030-4152-8E33-B28BE2AAE695}.Ad-Hoc|iPhone.Build.0 = Ad-Hoc|iPhone
		{BA5EED7B-9030-4152-8E33-B28BE2AAE695}.Ad-Hoc|iPhoneSimulator.ActiveCfg = Ad-Hoc|iPhoneSimulator
		{BA5EED7B-9030-4152-8E33-B28BE2AAE695}.Ad-Hoc|iPhoneSimulator.Build.0 = Ad-Hoc|iPhoneSimulator
		{BA5EED7B-9030-4152-8E33-B28BE2AAE695}.Ad-Hoc|x64.ActiveCfg = Ad-Hoc|iPhone
		{BA5EED7B-9030-4152-8E33-B28BE2AAE695}.Ad-Hoc|x86.ActiveCfg = Ad-Hoc|iPhone
		{BA5EED7B-9030-4152-8E33-B28BE2AAE695}.AppStore|Any CPU.ActiveCfg = AppStore|iPhone
		{BA5EED7B-9030-4152-8E33-B28BE2AAE695}.AppStore|ARM.ActiveCfg = AppStore|iPhone
		{BA5EED7B-9030-4152-8E33-B28BE2AAE695}.AppStore|iPhone.ActiveCfg = AppStore|iPhone
		{BA5EED7B-9030-4152-8E33-B28BE2AAE695}.AppStore|iPhone.Build.0 = AppStore|iPhone
		{BA5EED7B-9030-4152-8E33-B28BE2AAE695}.AppStore|iPhoneSimulator.ActiveCfg = AppStore|iPhoneSimulator
		{BA5EED7B-9030-4152-8E33-B28BE2AAE695}.AppStore|iPhoneSimulator.Build.0 = AppStore|iPhoneSimulator
		{BA5EED7B-9030-4152-8E33-B28BE2AAE695}.AppStore|x64.ActiveCfg = AppStore|iPhone
		{BA5EED7B-9030-4152-8E33-B28BE2AAE695}.AppStore|x86.ActiveCfg = AppStore|iPhone
		{BA5EED7B-9030-4152-8E33-B28BE2AAE695}.Debug|Any CPU.ActiveCfg = Debug|iPhone
		{BA5EED7B-9030-4152-8E33-B28BE2AAE695}.Debug|Any CPU.Build.0 = Debug|iPhone
		{BA5EED7B-9030-4152-8E33-B28BE2AAE695}.Debug|ARM.ActiveCfg = Debug|iPhone
		{BA5EED7B-9030-4152-8E33-B28BE2AAE695}.Debug|iPhone.ActiveCfg = Debug|iPhone
		{BA5EED7B-9030-4152-8E33-B28BE2AAE695}.Debug|iPhone.Build.0 = Debug|iPhone
		{BA5EED7B-9030-4152-8E33-B28BE2AAE695}.Debug|iPhoneSimulator.ActiveCfg = Debug|iPhoneSimulator
		{BA5EED7B-9030-4152-8E33-B28BE2AAE695}.Debug|iPhoneSimulator.Build.0 = Debug|iPhoneSimulator
		{BA5EED7B-9030-4152-8E33-B28BE2AAE695}.Debug|x64.ActiveCfg = Debug|iPhone
		{BA5EED7B-9030-4152-8E33-B28BE2AAE695}.Debug|x86.ActiveCfg = Debug|iPhone
		{BA5EED7B-9030-4152-8E33-B28BE2AAE695}.Release|Any CPU.ActiveCfg = Release|iPhone
		{BA5EED7B-9030-4152-8E33-B28BE2AAE695}.Release|ARM.ActiveCfg = Release|iPhone
		{BA5EED7B-9030-4152-8E33-B28BE2AAE695}.Release|iPhone.ActiveCfg = Release|iPhone
		{BA5EED7B-9030-4152-8E33-B28BE2AAE695}.Release|iPhone.Build.0 = Release|iPhone
		{BA5EED7B-9030-4152-8E33-B28BE2AAE695}.Release|iPhoneSimulator.ActiveCfg = Release|iPhoneSimulator
		{BA5EED7B-9030-4152-8E33-B28BE2AAE695}.Release|iPhoneSimulator.Build.0 = Release|iPhoneSimulator
		{BA5EED7B-9030-4152-8E33-B28BE2AAE695}.Release|x64.ActiveCfg = Release|iPhone
		{BA5EED7B-9030-4152-8E33-B28BE2AAE695}.Release|x86.ActiveCfg = Release|iPhone
		{331D57B5-5932-41B3-BDD9-48F05E4A4CC9}.Ad-Hoc|Any CPU.ActiveCfg = Release|x86
		{331D57B5-5932-41B3-BDD9-48F05E4A4CC9}.Ad-Hoc|Any CPU.Build.0 = Release|x86
		{331D57B5-5932-41B3-BDD9-48F05E4A4CC9}.Ad-Hoc|Any CPU.Deploy.0 = Release|x86
		{331D57B5-5932-41B3-BDD9-48F05E4A4CC9}.Ad-Hoc|ARM.ActiveCfg = Release|ARM
		{331D57B5-5932-41B3-BDD9-48F05E4A4CC9}.Ad-Hoc|ARM.Build.0 = Release|ARM
		{331D57B5-5932-41B3-BDD9-48F05E4A4CC9}.Ad-Hoc|ARM.Deploy.0 = Release|ARM
		{331D57B5-5932-41B3-BDD9-48F05E4A4CC9}.Ad-Hoc|iPhone.ActiveCfg = Release|x86
		{331D57B5-5932-41B3-BDD9-48F05E4A4CC9}.Ad-Hoc|iPhone.Build.0 = Release|x86
		{331D57B5-5932-41B3-BDD9-48F05E4A4CC9}.Ad-Hoc|iPhone.Deploy.0 = Release|x86
		{331D57B5-5932-41B3-BDD9-48F05E4A4CC9}.Ad-Hoc|iPhoneSimulator.ActiveCfg = Release|x86
		{331D57B5-5932-41B3-BDD9-48F05E4A4CC9}.Ad-Hoc|iPhoneSimulator.Build.0 = Release|x86
		{331D57B5-5932-41B3-BDD9-48F05E4A4CC9}.Ad-Hoc|iPhoneSimulator.Deploy.0 = Release|x86
		{331D57B5-5932-41B3-BDD9-48F05E4A4CC9}.Ad-Hoc|x64.ActiveCfg = Release|x64
		{331D57B5-5932-41B3-BDD9-48F05E4A4CC9}.Ad-Hoc|x64.Build.0 = Release|x64
		{331D57B5-5932-41B3-BDD9-48F05E4A4CC9}.Ad-Hoc|x64.Deploy.0 = Release|x64
		{331D57B5-5932-41B3-BDD9-48F05E4A4CC9}.Ad-Hoc|x86.ActiveCfg = Release|x86
		{331D57B5-5932-41B3-BDD9-48F05E4A4CC9}.Ad-Hoc|x86.Build.0 = Release|x86
		{331D57B5-5932-41B3-BDD9-48F05E4A4CC9}.Ad-Hoc|x86.Deploy.0 = Release|x86
		{331D57B5-5932-41B3-BDD9-48F05E4A4CC9}.AppStore|Any CPU.ActiveCfg = Release|x86
		{331D57B5-5932-41B3-BDD9-48F05E4A4CC9}.AppStore|Any CPU.Build.0 = Release|x86
		{331D57B5-5932-41B3-BDD9-48F05E4A4CC9}.AppStore|Any CPU.Deploy.0 = Release|x86
		{331D57B5-5932-41B3-BDD9-48F05E4A4CC9}.AppStore|ARM.ActiveCfg = Release|ARM
		{331D57B5-5932-41B3-BDD9-48F05E4A4CC9}.AppStore|ARM.Build.0 = Release|ARM
		{331D57B5-5932-41B3-BDD9-48F05E4A4CC9}.AppStore|ARM.Deploy.0 = Release|ARM
		{331D57B5-5932-41B3-BDD9-48F05E4A4CC9}.AppStore|iPhone.ActiveCfg = Release|x86
		{331D57B5-5932-41B3-BDD9-48F05E4A4CC9}.AppStore|iPhone.Build.0 = Release|x86
		{331D57B5-5932-41B3-BDD9-48F05E4A4CC9}.AppStore|iPhone.Deploy.0 = Release|x86
		{331D57B5-5932-41B3-BDD9-48F05E4A4CC9}.AppStore|iPhoneSimulator.ActiveCfg = Release|x86
		{331D57B5-5932-41B3-BDD9-48F05E4A4CC9}.AppStore|iPhoneSimulator.Build.0 = Release|x86
		{331D57B5-5932-41B3-BDD9-48F05E4A4CC9}.AppStore|iPhoneSimulator.Deploy.0 = Release|x86
		{331D57B5-5932-41B3-BDD9-48F05E4A4CC9}.AppStore|x64.ActiveCfg = Release|x64
		{331D57B5-5932-41B3-BDD9-48F05E4A4CC9}.AppStore|x64.Build.0 = Release|x64
		{331D57B5-5932-41B3-BDD9-48F05E4A4CC9}.AppStore|x64.Deploy.0 = Release|x64
		{331D57B5-5932-41B3-BDD9-48F05E4A4CC9}.AppStore|x86.ActiveCfg = Release|x86
		{331D57B5-5932-41B3-BDD9-48F05E4A4CC9}.AppStore|x86.Build.0 = Release|x86
		{331D57B5-5932-41B3-BDD9-48F05E4A4CC9}.AppStore|x86.Deploy.0 = Release|x86
		{331D57B5-5932-41B3-BDD9-48F05E4A4CC9}.Debug|Any CPU.ActiveCfg = Debug|x86
		{331D57B5-5932-41B3-BDD9-48F05E4A4CC9}.Debug|Any CPU.Build.0 = Debug|x86
		{331D57B5-5932-41B3-BDD9-48F05E4A4CC9}.Debug|Any CPU.Deploy.0 = Debug|x86
		{331D57B5-5932-41B3-BDD9-48F05E4A4CC9}.Debug|ARM.ActiveCfg = Debug|ARM
		{331D57B5-5932-41B3-BDD9-48F05E4A4CC9}.Debug|ARM.Build.0 = Debug|ARM
		{331D57B5-5932-41B3-BDD9-48F05E4A4CC9}.Debug|ARM.Deploy.0 = Debug|ARM
		{331D57B5-5932-41B3-BDD9-48F05E4A4CC9}.Debug|iPhone.ActiveCfg = Debug|x86
		{331D57B5-5932-41B3-BDD9-48F05E4A4CC9}.Debug|iPhoneSimulator.ActiveCfg = Debug|x86
		{331D57B5-5932-41B3-BDD9-48F05E4A4CC9}.Debug|x64.ActiveCfg = Debug|x64
		{331D57B5-5932-41B3-BDD9-48F05E4A4CC9}.Debug|x64.Build.0 = Debug|x64
		{331D57B5-5932-41B3-BDD9-48F05E4A4CC9}.Debug|x64.Deploy.0 = Debug|x64
		{331D57B5-5932-41B3-BDD9-48F05E4A4CC9}.Debug|x86.ActiveCfg = Debug|x86
		{331D57B5-5932-41B3-BDD9-48F05E4A4CC9}.Debug|x86.Build.0 = Debug|x86
		{331D57B5-5932-41B3-BDD9-48F05E4A4CC9}.Debug|x86.Deploy.0 = Debug|x86
		{331D57B5-5932-41B3-BDD9-48F05E4A4CC9}.Release|Any CPU.ActiveCfg = Release|x86
		{331D57B5-5932-41B3-BDD9-48F05E4A4CC9}.Release|ARM.ActiveCfg = Release|ARM
		{331D57B5-5932-41B3-BDD9-48F05E4A4CC9}.Release|ARM.Build.0 = Release|ARM
		{331D57B5-5932-41B3-BDD9-48F05E4A4CC9}.Release|ARM.Deploy.0 = Release|ARM
		{331D57B5-5932-41B3-BDD9-48F05E4A4CC9}.Release|iPhone.ActiveCfg = Release|x86
		{331D57B5-5932-41B3-BDD9-48F05E4A4CC9}.Release|iPhoneSimulator.ActiveCfg = Release|x86
		{331D57B5-5932-41B3-BDD9-48F05E4A4CC9}.Release|x64.ActiveCfg = Release|x64
		{331D57B5-5932-41B3-BDD9-48F05E4A4CC9}.Release|x64.Build.0 = Release|x64
		{331D57B5-5932-41B3-BDD9-48F05E4A4CC9}.Release|x64.Deploy.0 = Release|x64
		{331D57B5-5932-41B3-BDD9-48F05E4A4CC9}.Release|x86.ActiveCfg = Release|x86
		{331D57B5-5932-41B3-BDD9-48F05E4A4CC9}.Release|x86.Build.0 = Release|x86
		{331D57B5-5932-41B3-BDD9-48F05E4A4CC9}.Release|x86.Deploy.0 = Release|x86
	EndGlobalSection
	GlobalSection(SolutionProperties) = preSolution
		HideSolutionNode = FALSE
	EndGlobalSection
EndGlobal
